
Microsoft Visual Studio Solution File, Format Version 12.00
# Visual Studio 2013
VisualStudioVersion = 12.0.31101.0
MinimumVisualStudioVersion = 10.0.40219.1
Project("{FAE04EC0-301F-11D3-BF4B-00C04F79EFBC}") = "MvcApplication18", "MvcApplication18\MvcApplication18.csproj", "{7F4769E9-32EF-4457-B39B-F9FD18622F3A}"
EndProject
Project("{FAE04EC0-301F-11D3-BF4B-00C04F79EFBC}") = "DataLib", "DataLib\DataLib.csproj", "{D6BE86AC-5DA1-4F97-9FCA-D97991649A0A}"
EndProject
Global
	GlobalSection(SolutionConfigurationPlatforms) = preSolution
		Debug|Any CPU = Debug|Any CPU
		Release|Any CPU = Release|Any CPU
	EndGlobalSection
	GlobalSection(ProjectConfigurationPlatforms) = postSolution
		{7F4769E9-32EF-4457-B39B-F9FD18622F3A}.Debug|Any CPU.ActiveCfg = Debug|Any CPU
		{7F4769E9-32EF-4457-B39B-F9FD18622F3A}.Debug|Any CPU.Build.0 = Debug|Any CPU
		{7F4769E9-32EF-4457-B39B-F9FD18622F3A}.Release|Any CPU.ActiveCfg = Release|Any CPU
		{7F4769E9-32EF-4457-B39B-F9FD18622F3A}.Release|Any CPU.Build.0 = Release|Any CPU
		{D6BE86AC-5DA1-4F97-9FCA-D97991649A0A}.Debug|Any CPU.ActiveCfg = Debug|Any CPU
		{D6BE86AC-5DA1-4F97-9FCA-D97991649A0A}.Debug|Any CPU.Build.0 = Debug|Any CPU
		{D6BE86AC-5DA1-4F97-9FCA-D97991649A0A}.Release|Any CPU.ActiveCfg = Release|Any CPU
		{D6BE86AC-5DA1-4F97-9FCA-D97991649A0A}.Release|Any CPU.Build.0 = Release|Any CPU
	EndGlobalSection
	GlobalSection(SolutionProperties) = preSolution
		HideSolutionNode = FALSE
	EndGlobalSection
EndGlobal
